
Microsoft Visual Studio Solution File, Format Version 12.00
# Visual Studio 15
VisualStudioVersion = 15.0.28307.489
MinimumVisualStudioVersion = 10.0.40219.1
Project("{FAE04EC0-301F-11D3-BF4B-00C04F79EFBC}") = "Lab1_OOP", "Lab1_OOP\Lab1_OOP.csproj", "{A04B485D-BB73-42F2-B584-F921A7F13147}"
EndProject
Global
	GlobalSection(SolutionConfigurationPlatforms) = preSolution
		Debug|Any CPU = Debug|Any CPU
		Release|Any CPU = Release|Any CPU
	EndGlobalSection
	GlobalSection(ProjectConfigurationPlatforms) = postSolution
		{A04B485D-BB73-42F2-B584-F921A7F13147}.Debug|Any CPU.ActiveCfg = Debug|Any CPU
		{A04B485D-BB73-42F2-B584-F921A7F13147}.Debug|Any CPU.Build.0 = Debug|Any CPU
		{A04B485D-BB73-42F2-B584-F921A7F13147}.Release|Any CPU.ActiveCfg = Release|Any CPU
		{A04B485D-BB73-42F2-B584-F921A7F13147}.Release|Any CPU.Build.0 = Release|Any CPU
	EndGlobalSection
	GlobalSection(SolutionProperties) = preSolution
		HideSolutionNode = FALSE
	EndGlobalSection
	GlobalSection(ExtensibilityGlobals) = postSolution
		SolutionGuid = {B87688C2-5EC4-4785-B7E5-18C0A51AED6D}
	EndGlobalSection
EndGlobal
